<?xml version="1.0" encoding="utf-8"?>
<Project ToolsVersion="4.0" xmlns="http://schemas.microsoft.com/developer/msbuild/2003">
  <ItemGroup>
    <Filter Include="Source Files">
      <UniqueIdentifier>{4FC737F1-C7A5-4376-A066-2A32D752A2FF}</UniqueIdentifier>
      <Extensions>cpp;c;cc;cxx;def;odl;idl;hpj;bat;asm;asmx</Extensions>
    </Filter>
    <Filter Include="Header Files">
      <UniqueIdentifier>{93995380-89BD-4b04-88EB-625FBE52EBFB}</UniqueIdentifier>
      <Extensions>h;hh;hpp;hxx;hm;inl;inc;xsd</Extensions>
    </Filter>
    <Filter Include="Core">
      <UniqueIdentifier>{7a01c769-5997-491b-802f-761e4b7b4843}</UniqueIdentifier>
    </Filter>
    <Filter Include="BehaviourState">
      <UniqueIdentifier>{60c0d744-fbf3-4140-b91f-83f50afdd52d}</UniqueIdentifier>
    </Filter>
    <Filter Include="Model">
      <UniqueIdentifier>{837aa147-7a7c-483b-9809-780bffb86e22}</UniqueIdentifier>
    </Filter>
    <Filter Include="BehaviourStateHandler">
      <UniqueIdentifier>{68c605fe-7cc8-4a6f-988b-61eb4a089b82}</UniqueIdentifier>
    </Filter>
    <Filter Include="Camera">
      <UniqueIdentifier>{f341b8ba-2fa7-44a7-93ab-f7a4d5d4a8fb}</UniqueIdentifier>
    </Filter>
    <Filter Include="Container">
      <UniqueIdentifier>{ee085196-ea59-4e79-8cd8-83d886a99778}</UniqueIdentifier>
    </Filter>
    <Filter Include="Tools">
      <UniqueIdentifier>{a5c28d8e-f318-42a1-8c9c-87af8b2e257a}</UniqueIdentifier>
    </Filter>
    <Filter Include="Rules">
      <UniqueIdentifier>{5f7029ee-237c-4b89-96ad-c1b8a4381f90}</UniqueIdentifier>
    </Filter>
    <Filter Include="BehaviourObject">
      <UniqueIdentifier>{7b10ab55-f4af-4a8f-ba1c-82e7f7e513d2}</UniqueIdentifier>
    </Filter>
    <Filter Include="Level">
      <UniqueIdentifier>{ede93cd9-53ec-4b96-941a-2d5d0d8003dd}</UniqueIdentifier>
    </Filter>
    <Filter Include="Environment">
      <UniqueIdentifier>{c1250337-e10d-47f5-8aef-d5a94ca24860}</UniqueIdentifier>
    </Filter>
    <Filter Include="Stats">
      <UniqueIdentifier>{e898abc3-f608-44ab-b507-01bee0ec2159}</UniqueIdentifier>
    </Filter>
    <Filter Include="GUI">
      <UniqueIdentifier>{8503d40a-1f47-4f80-9f80-f3c563202748}</UniqueIdentifier>
    </Filter>
    <Filter Include="TBCSpecific">
      <UniqueIdentifier>{dd2c8537-2ecf-4da4-8c4d-2414d2159951}</UniqueIdentifier>
    </Filter>
    <Filter Include="Props">
      <UniqueIdentifier>{6834396a-7aa4-4053-ae5a-717cc3bf3dcf}</UniqueIdentifier>
    </Filter>
    <Filter Include="Template">
      <UniqueIdentifier>{d01bd3a7-574f-4a81-8671-edba551e8b2f}</UniqueIdentifier>
    </Filter>
    <Filter Include="Props\concrete">
      <UniqueIdentifier>{2d900581-2619-4cd3-9588-3c7869e584c6}</UniqueIdentifier>
    </Filter>
    <Filter Include="Model\Animations">
      <UniqueIdentifier>{97c7617d-87c3-41ce-832f-077755f67fda}</UniqueIdentifier>
    </Filter>
    <Filter Include="Model\Behaviour">
      <UniqueIdentifier>{bdd94c90-ffa9-4391-b099-6f29f4f66014}</UniqueIdentifier>
    </Filter>
    <Filter Include="Model\modelRecipe">
      <UniqueIdentifier>{75a78e88-c7be-4b1e-a77c-ba2ccfba6e96}</UniqueIdentifier>
    </Filter>
    <Filter Include="Props\Weapon">
      <UniqueIdentifier>{570e45fa-87d0-4ab0-bebf-29dce0c47894}</UniqueIdentifier>
    </Filter>
    <Filter Include="GUI\virtuals">
      <UniqueIdentifier>{dd0c2160-75b8-4bd3-bb38-e6f7509e623f}</UniqueIdentifier>
    </Filter>
    <Filter Include="BehaviourStateHandler\Player">
      <UniqueIdentifier>{34c124db-5e88-424b-9571-5110596a5702}</UniqueIdentifier>
    </Filter>
    <Filter Include="BehaviourStateHandler\Mutant">
      <UniqueIdentifier>{8da10da5-2433-45eb-b883-3d3e137ce754}</UniqueIdentifier>
    </Filter>
    <Filter Include="BehaviourStateHandler\TopLayer">
      <UniqueIdentifier>{33ce6766-adcc-4d57-9765-9f0bcafcc2ab}</UniqueIdentifier>
    </Filter>
    <Filter Include="BehaviourState\LERPConfigurations">
      <UniqueIdentifier>{fbabf876-4397-42b5-aec8-98f4be804222}</UniqueIdentifier>
    </Filter>
    <Filter Include="BehaviourState\NormalConfigurations">
      <UniqueIdentifier>{de8c8ab0-1d16-488e-b663-e82e07681828}</UniqueIdentifier>
    </Filter>
    <Filter Include="BehaviourStateHandler\Player\helpers">
      <UniqueIdentifier>{117278f5-f1ee-4cdc-8b70-2a4a13cec256}</UniqueIdentifier>
    </Filter>
    <Filter Include="BehaviourState\universal">
      <UniqueIdentifier>{c2a1f50d-b626-4125-ba74-9ffbfc574683}</UniqueIdentifier>
    </Filter>
    <Filter Include="BehaviourStateHandler\Player\States">
      <UniqueIdentifier>{1dd43065-6098-4bc4-b6ec-6fd2e54d1914}</UniqueIdentifier>
    </Filter>
    <Filter Include="Props\Bases">
      <UniqueIdentifier>{d19e6839-5796-476c-9e4b-4f0a19286a39}</UniqueIdentifier>
    </Filter>
    <Filter Include="Compositors">
      <UniqueIdentifier>{f242dca8-40ca-4646-b6d1-5db4493f7b92}</UniqueIdentifier>
    </Filter>
  </ItemGroup>
  <ItemGroup>
    <ClCompile Include="main.cpp">
      <Filter>Source Files</Filter>
    </ClCompile>
    <ClCompile Include="stdafx.cpp">
      <Filter>Source Files</Filter>
    </ClCompile>
    <ClCompile Include="OgreCore.cpp">
      <Filter>Core</Filter>
    </ClCompile>
    <ClCompile Include="OISCore.cpp">
      <Filter>Core</Filter>
    </ClCompile>
    <ClCompile Include="BehaviourStateTumble.cpp">
      <Filter>BehaviourState</Filter>
    </ClCompile>
    <ClCompile Include="BehaviourStateAttackRanged.cpp">
      <Filter>BehaviourState</Filter>
    </ClCompile>
    <ClCompile Include="BehaviourStateDead.cpp">
      <Filter>BehaviourState</Filter>
    </ClCompile>
    <ClCompile Include="BehaviourStateLERP.cpp">
      <Filter>BehaviourState</Filter>
    </ClCompile>
    <ClCompile Include="BehaviourStateNormal.cpp">
      <Filter>BehaviourState</Filter>
    </ClCompile>
    <ClCompile Include="PlayerCameraVars.cpp">
      <Filter>Camera</Filter>
    </ClCompile>
    <ClCompile Include="PlayerCamera.cpp">
      <Filter>Camera</Filter>
    </ClCompile>
    <ClCompile Include="PlayerCameraStateLERP.cpp">
      <Filter>Camera</Filter>
    </ClCompile>
    <ClCompile Include="PlayerCameraStateNormal.cpp">
      <Filter>Camera</Filter>
    </ClCompile>
    <ClCompile Include="PlayerCameraStateSelection.cpp">
      <Filter>Camera</Filter>
    </ClCompile>
    <ClCompile Include="PlayerContainer.cpp">
      <Filter>Container</Filter>
    </ClCompile>
    <ClCompile Include="ParticleReferenceContainer.cpp">
      <Filter>Container</Filter>
    </ClCompile>
    <ClCompile Include="MovableText.cpp">
      <Filter>Props</Filter>
    </ClCompile>
    <ClCompile Include="MutantDeadState.cpp">
      <Filter>BehaviourState</Filter>
    </ClCompile>
    <ClCompile Include="ConfigScriptLoader.cpp">
      <Filter>Tools</Filter>
    </ClCompile>
    <ClCompile Include="DotSceneLoader.cpp">
      <Filter>Tools</Filter>
    </ClCompile>
    <ClCompile Include="LaneSettings.cpp">
      <Filter>Rules</Filter>
    </ClCompile>
    <ClCompile Include="BehaviourObject.cpp">
      <Filter>BehaviourObject</Filter>
    </ClCompile>
    <ClCompile Include="LevelOne.cpp">
      <Filter>Level</Filter>
    </ClCompile>
    <ClCompile Include="LevelManager.cpp">
      <Filter>Level</Filter>
    </ClCompile>
    <ClCompile Include="LevelMenu.cpp">
      <Filter>Level</Filter>
    </ClCompile>
    <ClCompile Include="LvlOneEnvironment.cpp">
      <Filter>Environment</Filter>
    </ClCompile>
    <ClCompile Include="LightHandler.cpp">
      <Filter>Environment</Filter>
    </ClCompile>
    <ClCompile Include="Mutant.cpp">
      <Filter>BehaviourObject</Filter>
    </ClCompile>
    <ClCompile Include="MutantGlobalStats.cpp">
      <Filter>Stats</Filter>
    </ClCompile>
    <ClCompile Include="PlayerGlobalStats.cpp">
      <Filter>Stats</Filter>
    </ClCompile>
    <ClCompile Include="UnitCircleMovement.cpp">
      <Filter>Rules</Filter>
    </ClCompile>
    <ClCompile Include="tinyxmlparser.cpp">
      <Filter>Tools</Filter>
    </ClCompile>
    <ClCompile Include="tinyxmlerror.cpp">
      <Filter>Tools</Filter>
    </ClCompile>
    <ClCompile Include="tinyxml.cpp">
      <Filter>Tools</Filter>
    </ClCompile>
    <ClCompile Include="PlayerSelectionState.cpp">
      <Filter>BehaviourState</Filter>
    </ClCompile>
    <ClCompile Include="PlayerGUI.cpp">
      <Filter>GUI</Filter>
    </ClCompile>
    <ClCompile Include="PolarCoordinates.cpp">
      <Filter>TBCSpecific</Filter>
    </ClCompile>
    <ClCompile Include="Player.cpp">
      <Filter>BehaviourObject</Filter>
    </ClCompile>
    <ClCompile Include="EnemySpawner.cpp">
      <Filter>Rules</Filter>
    </ClCompile>
    <ClCompile Include="MainUpdate.cpp">
      <Filter>Core</Filter>
    </ClCompile>
    <ClCompile Include="ParticleEffect.cpp">
      <Filter>Props\Bases</Filter>
    </ClCompile>
    <ClCompile Include="BloodSplat.cpp">
      <Filter>Props\concrete</Filter>
    </ClCompile>
    <ClCompile Include="SelectedTag.cpp">
      <Filter>Props\concrete</Filter>
    </ClCompile>
    <ClCompile Include="BaseAnimation.cpp">
      <Filter>Model\Animations</Filter>
    </ClCompile>
    <ClCompile Include="ModelHandler.cpp">
      <Filter>Model\Behaviour</Filter>
    </ClCompile>
    <ClCompile Include="ModelHandlerMutant.cpp">
      <Filter>Model\Behaviour</Filter>
    </ClCompile>
    <ClCompile Include="ModelHandlerPlayer.cpp">
      <Filter>Model\Behaviour</Filter>
    </ClCompile>
    <ClCompile Include="ModelRecipeMutant.cpp">
      <Filter>Model\modelRecipe</Filter>
    </ClCompile>
    <ClCompile Include="ModelRecipePlayer.cpp">
      <Filter>Model\modelRecipe</Filter>
    </ClCompile>
    <ClCompile Include="Weapon.cpp">
      <Filter>Props\Weapon</Filter>
    </ClCompile>
    <ClCompile Include="WeaponTypes.cpp">
      <Filter>Props\Weapon</Filter>
    </ClCompile>
    <ClCompile Include="TBCRay.cpp">
      <Filter>Tools</Filter>
    </ClCompile>
    <ClCompile Include="OgreFix.cpp">
      <Filter>Source Files</Filter>
    </ClCompile>
    <ClCompile Include="MeshEmitter.cpp">
      <Filter>Source Files</Filter>
    </ClCompile>
    <ClCompile Include="GUIResources.cpp">
      <Filter>GUI</Filter>
    </ClCompile>
    <ClCompile Include="GUIBar.cpp">
      <Filter>GUI\virtuals</Filter>
    </ClCompile>
    <ClCompile Include="MutantHandlerStateAttackRanged.cpp">
      <Filter>BehaviourStateHandler\Mutant</Filter>
    </ClCompile>
    <ClCompile Include="MutantHandlerStateDead.cpp">
      <Filter>BehaviourStateHandler\Mutant</Filter>
    </ClCompile>
    <ClCompile Include="MutantHandlerStateNormal.cpp">
      <Filter>BehaviourStateHandler\Mutant</Filter>
    </ClCompile>
    <ClCompile Include="MutantHandler.cpp">
      <Filter>BehaviourStateHandler\TopLayer</Filter>
    </ClCompile>
    <ClCompile Include="PlayerHandler.cpp">
      <Filter>BehaviourStateHandler\TopLayer</Filter>
    </ClCompile>
    <ClCompile Include="MutantContainer.cpp">
      <Filter>Container</Filter>
    </ClCompile>
    <ClCompile Include="MainLevelSetter.cpp">
      <Filter>Source Files</Filter>
    </ClCompile>
    <ClCompile Include="MutantHandlerStateSuicideBomb.cpp">
      <Filter>BehaviourStateHandler\Mutant</Filter>
    </ClCompile>
    <ClCompile Include="ModelRecipeMutantSuicide.cpp">
      <Filter>Model\modelRecipe</Filter>
    </ClCompile>
    <ClCompile Include="LERPWalkAttack.cpp">
      <Filter>BehaviourState\LERPConfigurations</Filter>
    </ClCompile>
    <ClCompile Include="LERPWalk.cpp">
      <Filter>BehaviourState\LERPConfigurations</Filter>
    </ClCompile>
    <ClCompile Include="BehaviourStateNormalTranslator.cpp">
      <Filter>BehaviourState\NormalConfigurations</Filter>
    </ClCompile>
    <ClCompile Include="PlayerHandlerStateSelectionHandler.cpp">
      <Filter>BehaviourStateHandler\Player\helpers</Filter>
    </ClCompile>
    <ClCompile Include="PlayerHandlerStateSelectionLine.cpp">
      <Filter>BehaviourStateHandler\Player\helpers</Filter>
    </ClCompile>
    <ClCompile Include="PlayerHandlerStateDead.cpp">
      <Filter>BehaviourStateHandler\Player\States</Filter>
    </ClCompile>
    <ClCompile Include="PlayerHandlerStateMultiAttack.cpp">
      <Filter>BehaviourStateHandler\Player\States</Filter>
    </ClCompile>
    <ClCompile Include="PlayerHandlerStateNormal.cpp">
      <Filter>BehaviourStateHandler\Player\States</Filter>
    </ClCompile>
    <ClCompile Include="PlayerHandlerStateSelection.cpp">
      <Filter>BehaviourStateHandler\Player\States</Filter>
    </ClCompile>
    <ClCompile Include="PlayerHandlerStateSingleAttack.cpp">
      <Filter>BehaviourStateHandler\Player\States</Filter>
    </ClCompile>
    <ClCompile Include="PlayerHandlerStateTumble.cpp">
      <Filter>BehaviourStateHandler\Player\States</Filter>
    </ClCompile>
    <ClCompile Include="Tubes.cpp">
      <Filter>Props\Bases</Filter>
    </ClCompile>
    <ClCompile Include="ManualLine.cpp">
      <Filter>Props\concrete</Filter>
    </ClCompile>
    <ClCompile Include="DynamicTubes.cpp">
      <Filter>BehaviourStateHandler\Player\helpers</Filter>
    </ClCompile>
    <ClCompile Include="CoreCompositor.cpp">
      <Filter>Compositors</Filter>
    </ClCompile>
    <ClCompile Include="GlowMaterialListener.cpp">
      <Filter>Compositors</Filter>
    </ClCompile>
    <ClCompile Include="SlowMotionParticle.cpp">
      <Filter>Props\concrete</Filter>
    </ClCompile>
    <ClCompile Include="SimpleShadow.cpp">
      <Filter>Props</Filter>
    </ClCompile>
    <ClCompile Include="BeamWeaponHitTest.cpp">
      <Filter>Props\Weapon</Filter>
    </ClCompile>
    <ClCompile Include="PlayerHandlerStateBlankAttack.cpp">
      <Filter>BehaviourStateHandler\Player\States</Filter>
    </ClCompile>
    <ClCompile Include="LineBillboardSet.cpp">
      <Filter>Props\Bases</Filter>
    </ClCompile>
    <ClCompile Include="StapledLine.cpp">
      <Filter>Props\concrete</Filter>
    </ClCompile>
    <ClCompile Include="PlayerSelectionLine.cpp">
      <Filter>Props\concrete</Filter>
    </ClCompile>
    <ClCompile Include="BillboardNumber.cpp">
      <Filter>Props\concrete</Filter>
    </ClCompile>
  </ItemGroup>
  <ItemGroup>
    <ClInclude Include="stdafx.h">
      <Filter>Header Files</Filter>
    </ClInclude>
    <ClInclude Include="OgreCore.h">
      <Filter>Core</Filter>
    </ClInclude>
    <ClInclude Include="OISCore.h">
      <Filter>Core</Filter>
    </ClInclude>
    <ClInclude Include="BehaviourStateAttackRanged.h">
      <Filter>BehaviourState</Filter>
    </ClInclude>
    <ClInclude Include="BehaviourStateDead.h">
      <Filter>BehaviourState</Filter>
    </ClInclude>
    <ClInclude Include="BehaviourStateLERP.h">
      <Filter>BehaviourState</Filter>
    </ClInclude>
    <ClInclude Include="BehaviourStateNormal.h">
      <Filter>BehaviourState</Filter>
    </ClInclude>
    <ClInclude Include="BehaviourStateTumble.h">
      <Filter>BehaviourState</Filter>
    </ClInclude>
    <ClInclude Include="PlayerCameraVars.h">
      <Filter>Camera</Filter>
    </ClInclude>
    <ClInclude Include="PlayerCamera.h">
      <Filter>Camera</Filter>
    </ClInclude>
    <ClInclude Include="PlayerCameraState.h">
      <Filter>Camera</Filter>
    </ClInclude>
    <ClInclude Include="PlayerCameraStateLERP.h">
      <Filter>Camera</Filter>
    </ClInclude>
    <ClInclude Include="PlayerCameraStateNormal.h">
      <Filter>Camera</Filter>
    </ClInclude>
    <ClInclude Include="PlayerCameraStateSelection.h">
      <Filter>Camera</Filter>
    </ClInclude>
    <ClInclude Include="CameraBase.h">
      <Filter>Camera</Filter>
    </ClInclude>
    <ClInclude Include="MutantContainer.h">
      <Filter>Container</Filter>
    </ClInclude>
    <ClInclude Include="ParticleReferenceContainer.h">
      <Filter>Container</Filter>
    </ClInclude>
    <ClInclude Include="PlayerContainer.h">
      <Filter>Container</Filter>
    </ClInclude>
    <ClInclude Include="MutantDeadState.h">
      <Filter>BehaviourState</Filter>
    </ClInclude>
    <ClInclude Include="LevelOne.h">
      <Filter>Level</Filter>
    </ClInclude>
    <ClInclude Include="LevelMenu.h">
      <Filter>Level</Filter>
    </ClInclude>
    <ClInclude Include="LevelManager.h">
      <Filter>Level</Filter>
    </ClInclude>
    <ClInclude Include="LevelListing.h">
      <Filter>Level</Filter>
    </ClInclude>
    <ClInclude Include="ILevel.h">
      <Filter>Level</Filter>
    </ClInclude>
    <ClInclude Include="MutantGlobalStats.h">
      <Filter>Stats</Filter>
    </ClInclude>
    <ClInclude Include="PlayerGlobalStats.h">
      <Filter>Stats</Filter>
    </ClInclude>
    <ClInclude Include="UnitCircleMovement.h">
      <Filter>Rules</Filter>
    </ClInclude>
    <ClInclude Include="tinyxml.h">
      <Filter>Tools</Filter>
    </ClInclude>
    <ClInclude Include="simpleUtils.h">
      <Filter>Tools</Filter>
    </ClInclude>
    <ClInclude Include="PlayerSelectionState.h">
      <Filter>BehaviourState</Filter>
    </ClInclude>
    <ClInclude Include="PlayerGUI.h">
      <Filter>GUI</Filter>
    </ClInclude>
    <ClInclude Include="PolarCoordinates.h">
      <Filter>TBCSpecific</Filter>
    </ClInclude>
    <ClInclude Include="MovableText.h">
      <Filter>Props</Filter>
    </ClInclude>
    <ClInclude Include="MessageSubscriber.h">
      <Filter>Template</Filter>
    </ClInclude>
    <ClInclude Include="Messager.h">
      <Filter>Template</Filter>
    </ClInclude>
    <ClInclude Include="LvlOneEnvironment.h">
      <Filter>Environment</Filter>
    </ClInclude>
    <ClInclude Include="LightHandler.h">
      <Filter>Environment</Filter>
    </ClInclude>
    <ClInclude Include="LaneSettings.h">
      <Filter>Rules</Filter>
    </ClInclude>
    <ClInclude Include="GlobalVariables.h">
      <Filter>Stats</Filter>
    </ClInclude>
    <ClInclude Include="ENUMLERPState.h">
      <Filter>TBCSpecific</Filter>
    </ClInclude>
    <ClInclude Include="ENUMNormalDirection.h">
      <Filter>TBCSpecific</Filter>
    </ClInclude>
    <ClInclude Include="ENUMTumbleDirection.h">
      <Filter>TBCSpecific</Filter>
    </ClInclude>
    <ClInclude Include="ConfigScriptLoader.h">
      <Filter>Tools</Filter>
    </ClInclude>
    <ClInclude Include="Distancer.h">
      <Filter>Template</Filter>
    </ClInclude>
    <ClInclude Include="DotSceneLoader.h">
      <Filter>Tools</Filter>
    </ClInclude>
    <ClInclude Include="BehaviourObject.h">
      <Filter>BehaviourObject</Filter>
    </ClInclude>
    <ClInclude Include="Mutant.h">
      <Filter>BehaviourObject</Filter>
    </ClInclude>
    <ClInclude Include="Player.h">
      <Filter>BehaviourObject</Filter>
    </ClInclude>
    <ClInclude Include="EnemySpawner.h">
      <Filter>Rules</Filter>
    </ClInclude>
    <ClInclude Include="MainUpdate.h">
      <Filter>Core</Filter>
    </ClInclude>
    <ClInclude Include="ParticleEffect.h">
      <Filter>Props\Bases</Filter>
    </ClInclude>
    <ClInclude Include="BloodSplat.h">
      <Filter>Props\concrete</Filter>
    </ClInclude>
    <ClInclude Include="SelectedTag.h">
      <Filter>Props\concrete</Filter>
    </ClInclude>
    <ClInclude Include="BaseAnimation.h">
      <Filter>Model\Animations</Filter>
    </ClInclude>
    <ClInclude Include="AnimationAttack.h">
      <Filter>Model\Animations</Filter>
    </ClInclude>
    <ClInclude Include="AnimationDie.h">
      <Filter>Model\Animations</Filter>
    </ClInclude>
    <ClInclude Include="AnimationTumble.h">
      <Filter>Model\Animations</Filter>
    </ClInclude>
    <ClInclude Include="AnimationWalk.h">
      <Filter>Model\Animations</Filter>
    </ClInclude>
    <ClInclude Include="ModelHandler.h">
      <Filter>Model\Behaviour</Filter>
    </ClInclude>
    <ClInclude Include="ModelHandlerMutant.h">
      <Filter>Model\Behaviour</Filter>
    </ClInclude>
    <ClInclude Include="ModelHandlerPlayer.h">
      <Filter>Model\Behaviour</Filter>
    </ClInclude>
    <ClInclude Include="ModelRecipePlayer.h">
      <Filter>Model\modelRecipe</Filter>
    </ClInclude>
    <ClInclude Include="ModelRecipe.h">
      <Filter>Model\modelRecipe</Filter>
    </ClInclude>
    <ClInclude Include="ModelRecipeMutant.h">
      <Filter>Model\modelRecipe</Filter>
    </ClInclude>
    <ClInclude Include="Weapon.h">
      <Filter>Props\Weapon</Filter>
    </ClInclude>
    <ClInclude Include="WeaponTypes.h">
      <Filter>Props\Weapon</Filter>
    </ClInclude>
    <ClInclude Include="TBCRay.h">
      <Filter>Tools</Filter>
    </ClInclude>
    <ClInclude Include="OgreFix.h">
      <Filter>Header Files</Filter>
    </ClInclude>
    <ClInclude Include="MeshEmitter.h">
      <Filter>Header Files</Filter>
    </ClInclude>
    <ClInclude Include="PlayerStatus.h">
      <Filter>Stats</Filter>
    </ClInclude>
    <ClInclude Include="GUIResources.h">
      <Filter>GUI</Filter>
    </ClInclude>
    <ClInclude Include="BarTypes.h">
      <Filter>GUI</Filter>
    </ClInclude>
    <ClInclude Include="GUIBar.h">
      <Filter>GUI\virtuals</Filter>
    </ClInclude>
    <ClInclude Include="MutantHandlerStateAttackRanged.h">
      <Filter>BehaviourStateHandler\Mutant</Filter>
    </ClInclude>
    <ClInclude Include="MutantHandlerStateDead.h">
      <Filter>BehaviourStateHandler\Mutant</Filter>
    </ClInclude>
    <ClInclude Include="MutantHandlerStateNormal.h">
      <Filter>BehaviourStateHandler\Mutant</Filter>
    </ClInclude>
    <ClInclude Include="MutantHandler.h">
      <Filter>BehaviourStateHandler\TopLayer</Filter>
    </ClInclude>
    <ClInclude Include="PlayerHandler.h">
      <Filter>BehaviourStateHandler\TopLayer</Filter>
    </ClInclude>
    <ClInclude Include="MutantHandlerEnums.h">
      <Filter>BehaviourStateHandler\TopLayer</Filter>
    </ClInclude>
    <ClInclude Include="PlayerHandlerEnums.h">
      <Filter>BehaviourStateHandler\TopLayer</Filter>
    </ClInclude>
    <ClInclude Include="HandlerState.h">
      <Filter>BehaviourStateHandler\TopLayer</Filter>
    </ClInclude>
    <ClInclude Include="StateHandler.h">
      <Filter>BehaviourStateHandler\TopLayer</Filter>
    </ClInclude>
    <ClInclude Include="BehaviourStateLimbo.h">
      <Filter>BehaviourState</Filter>
    </ClInclude>
    <ClInclude Include="MainLevelSetter.h">
      <Filter>Header Files</Filter>
    </ClInclude>
    <ClInclude Include="MutantHandlerStateSuicideBomb.h">
      <Filter>BehaviourStateHandler\Mutant</Filter>
    </ClInclude>
    <ClInclude Include="ModelRecipeMutantSuicide.h">
      <Filter>Model\modelRecipe</Filter>
    </ClInclude>
    <ClInclude Include="LERPWalkAttack.h">
      <Filter>BehaviourState\LERPConfigurations</Filter>
    </ClInclude>
    <ClInclude Include="LERPBase.h">
      <Filter>BehaviourState\LERPConfigurations</Filter>
    </ClInclude>
    <ClInclude Include="LERPWalk.h">
      <Filter>BehaviourState\LERPConfigurations</Filter>
    </ClInclude>
    <ClInclude Include="BehaviourStateNormalTranslator.h">
      <Filter>BehaviourState\NormalConfigurations</Filter>
    </ClInclude>
    <ClInclude Include="PlayerHandlerStateSelectionHandler.h">
      <Filter>BehaviourStateHandler\Player\helpers</Filter>
    </ClInclude>
    <ClInclude Include="PlayerHandlerStateSelectionLine.h">
      <Filter>BehaviourStateHandler\Player\helpers</Filter>
    </ClInclude>
    <ClInclude Include="BehaviourState.h">
      <Filter>BehaviourState\universal</Filter>
    </ClInclude>
    <ClInclude Include="BehaviourStateEnums.h">
      <Filter>BehaviourState\universal</Filter>
    </ClInclude>
    <ClInclude Include="PlayerHandlerStateTumble.h">
      <Filter>BehaviourStateHandler\Player\States</Filter>
    </ClInclude>
    <ClInclude Include="PlayerHandlerStateDead.h">
      <Filter>BehaviourStateHandler\Player\States</Filter>
    </ClInclude>
    <ClInclude Include="PlayerHandlerStateMultiAttack.h">
      <Filter>BehaviourStateHandler\Player\States</Filter>
    </ClInclude>
    <ClInclude Include="PlayerHandlerStateNormal.h">
      <Filter>BehaviourStateHandler\Player\States</Filter>
    </ClInclude>
    <ClInclude Include="PlayerHandlerStateSelection.h">
      <Filter>BehaviourStateHandler\Player\States</Filter>
    </ClInclude>
    <ClInclude Include="PlayerHandlerStateSingleAttack.h">
      <Filter>BehaviourStateHandler\Player\States</Filter>
    </ClInclude>
    <ClInclude Include="Tubes.h">
      <Filter>Props\Bases</Filter>
    </ClInclude>
    <ClInclude Include="ManualLine.h">
      <Filter>Props\concrete</Filter>
    </ClInclude>
    <ClInclude Include="DynamicTubes.h">
      <Filter>BehaviourStateHandler\Player\helpers</Filter>
    </ClInclude>
    <ClInclude Include="CoreCompositor.h">
      <Filter>Compositors</Filter>
    </ClInclude>
    <ClInclude Include="GlowMaterialListener.h">
      <Filter>Compositors</Filter>
    </ClInclude>
    <ClInclude Include="SlowMotionParticle.h">
      <Filter>Props\concrete</Filter>
    </ClInclude>
    <ClInclude Include="SimpleShadow.h">
      <Filter>Props</Filter>
    </ClInclude>
    <ClInclude Include="BeamWeaponHitTest.h">
      <Filter>Props\Weapon</Filter>
    </ClInclude>
    <ClInclude Include="PlayerHandlerStateBlankAttack.h">
      <Filter>BehaviourStateHandler\Player\States</Filter>
    </ClInclude>
    <ClInclude Include="LineBillboardSet.h">
      <Filter>Props\Bases</Filter>
    </ClInclude>
    <ClInclude Include="StapledLine.h">
      <Filter>Props\concrete</Filter>
    </ClInclude>
    <ClInclude Include="PlayerSelectionLine.h">
      <Filter>Props\concrete</Filter>
    </ClInclude>
    <ClInclude Include="BillboardNumber.h">
      <Filter>Props\concrete</Filter>
    </ClInclude>
  </ItemGroup>
</Project>