<?xml version="1.0" encoding="utf-8"?>
<Project ToolsVersion="4.0" xmlns="http://schemas.microsoft.com/developer/msbuild/2003">
  <ItemGroup>
    <Filter Include="Source Files">
      <UniqueIdentifier>{4FC737F1-C7A5-4376-A066-2A32D752A2FF}</UniqueIdentifier>
      <Extensions>cpp;c;cc;cxx;def;odl;idl;hpj;bat;asm;asmx</Extensions>
    </Filter>
    <Filter Include="Header Files">
      <UniqueIdentifier>{93995380-89BD-4b04-88EB-625FBE52EBFB}</UniqueIdentifier>
      <Extensions>h;hh;hpp;hxx;hm;inl;inc;xsd</Extensions>
    </Filter>
    <Filter Include="Resource Files">
      <UniqueIdentifier>{67DA6AB6-F800-4c08-8B7A-83BB121AAD01}</UniqueIdentifier>
      <Extensions>rc;ico;cur;bmp;dlg;rc2;rct;bin;rgs;gif;jpg;jpeg;jpe;resx;tiff;tif;png;wav;mfcribbon-ms</Extensions>
    </Filter>
  </ItemGroup>
  <ItemGroup>
    <Text Include="ReadMe.txt" />
  </ItemGroup>
  <ItemGroup>
    <ClInclude Include="Procedural.h">
      <Filter>Header Files</Filter>
    </ClInclude>
    <ClInclude Include="ProceduralBoxGenerator.h">
      <Filter>Header Files</Filter>
    </ClInclude>
    <ClInclude Include="ProceduralCapsuleGenerator.h">
      <Filter>Header Files</Filter>
    </ClInclude>
    <ClInclude Include="ProceduralConeGenerator.h">
      <Filter>Header Files</Filter>
    </ClInclude>
    <ClInclude Include="ProceduralCylinderGenerator.h">
      <Filter>Header Files</Filter>
    </ClInclude>
    <ClInclude Include="ProceduralExtruder.h">
      <Filter>Header Files</Filter>
    </ClInclude>
    <ClInclude Include="ProceduralGeometryHelpers.h">
      <Filter>Header Files</Filter>
    </ClInclude>
    <ClInclude Include="ProceduralIcoSphereGenerator.h">
      <Filter>Header Files</Filter>
    </ClInclude>
    <ClInclude Include="ProceduralLathe.h">
      <Filter>Header Files</Filter>
    </ClInclude>
    <ClInclude Include="ProceduralMeshGenerator.h">
      <Filter>Header Files</Filter>
    </ClInclude>
    <ClInclude Include="ProceduralMultiShape.h">
      <Filter>Header Files</Filter>
    </ClInclude>
    <ClInclude Include="ProceduralPath.h">
      <Filter>Header Files</Filter>
    </ClInclude>
    <ClInclude Include="ProceduralPlaneGenerator.h">
      <Filter>Header Files</Filter>
    </ClInclude>
    <ClInclude Include="ProceduralPathGenerators.h">
      <Filter>Header Files</Filter>
    </ClInclude>
    <ClInclude Include="ProceduralRoundedBoxGenerator.h">
      <Filter>Header Files</Filter>
    </ClInclude>
    <ClInclude Include="ProceduralShape.h">
      <Filter>Header Files</Filter>
    </ClInclude>
    <ClInclude Include="ProceduralShapeGenerators.h">
      <Filter>Header Files</Filter>
    </ClInclude>
    <ClInclude Include="ProceduralSphereGenerator.h">
      <Filter>Header Files</Filter>
    </ClInclude>
    <ClInclude Include="ProceduralSplines.h">
      <Filter>Header Files</Filter>
    </ClInclude>
    <ClInclude Include="ProceduralTorusGenerator.h">
      <Filter>Header Files</Filter>
    </ClInclude>
    <ClInclude Include="ProceduralStableHeaders.h">
      <Filter>Header Files</Filter>
    </ClInclude>
    <ClInclude Include="ProceduralTorusKnotGenerator.h">
      <Filter>Header Files</Filter>
    </ClInclude>
    <ClInclude Include="ProceduralTrack.h">
      <Filter>Header Files</Filter>
    </ClInclude>
    <ClInclude Include="ProceduralTriangleBuffer.h">
      <Filter>Header Files</Filter>
    </ClInclude>
    <ClInclude Include="ProceduralTriangulator.h">
      <Filter>Header Files</Filter>
    </ClInclude>
    <ClInclude Include="ProceduralTubeGenerator.h">
      <Filter>Header Files</Filter>
    </ClInclude>
    <ClInclude Include="ProceduralUtils.h">
      <Filter>Header Files</Filter>
    </ClInclude>
    <ClInclude Include="ProceduralBoolean.h">
      <Filter>Header Files</Filter>
    </ClInclude>
    <ClInclude Include="ProceduralDebugRendering.h">
      <Filter>Header Files</Filter>
    </ClInclude>
    <ClInclude Include="ProceduralMeshModifiers.h">
      <Filter>Header Files</Filter>
    </ClInclude>
    <ClInclude Include="ProceduralMultiShapeGenerators.h">
      <Filter>Header Files</Filter>
    </ClInclude>
    <ClInclude Include="ProceduralNoise.h">
      <Filter>Header Files</Filter>
    </ClInclude>
    <ClInclude Include="ProceduralPathGeneratorsBase.h">
      <Filter>Header Files</Filter>
    </ClInclude>
    <ClInclude Include="ProceduralShapeGeneratorsBase.h">
      <Filter>Header Files</Filter>
    </ClInclude>
    <ClInclude Include="ProceduralSpringGenerator.h">
      <Filter>Header Files</Filter>
    </ClInclude>
    <ClInclude Include="ProceduralSVG.h">
      <Filter>Header Files</Filter>
    </ClInclude>
    <ClInclude Include="ProceduralTextureBuffer.h">
      <Filter>Header Files</Filter>
    </ClInclude>
    <ClInclude Include="ProceduralTextureGenerator.h">
      <Filter>Header Files</Filter>
    </ClInclude>
    <ClInclude Include="ProceduralTextureModifiers.h">
      <Filter>Header Files</Filter>
    </ClInclude>
    <ClInclude Include="ProceduralPlatform.h">
      <Filter>Header Files</Filter>
    </ClInclude>
  </ItemGroup>
  <ItemGroup>
    <ClCompile Include="ProceduralBoxGenerator.cpp">
      <Filter>Source Files</Filter>
    </ClCompile>
    <ClCompile Include="ProceduralCapsuleGenerator.cpp">
      <Filter>Source Files</Filter>
    </ClCompile>
    <ClCompile Include="ProceduralConeGenerator.cpp">
      <Filter>Source Files</Filter>
    </ClCompile>
    <ClCompile Include="ProceduralCylinderGenerator.cpp">
      <Filter>Source Files</Filter>
    </ClCompile>
    <ClCompile Include="ProceduralExtruder.cpp">
      <Filter>Source Files</Filter>
    </ClCompile>
    <ClCompile Include="ProceduralGeometryHelpers.cpp">
      <Filter>Source Files</Filter>
    </ClCompile>
    <ClCompile Include="ProceduralIcoSphereGenerator.cpp">
      <Filter>Source Files</Filter>
    </ClCompile>
    <ClCompile Include="ProceduralLathe.cpp">
      <Filter>Source Files</Filter>
    </ClCompile>
    <ClCompile Include="ProceduralMultiShape.cpp">
      <Filter>Source Files</Filter>
    </ClCompile>
    <ClCompile Include="ProceduralPath.cpp">
      <Filter>Source Files</Filter>
    </ClCompile>
    <ClCompile Include="ProceduralPathGenerators.cpp">
      <Filter>Source Files</Filter>
    </ClCompile>
    <ClCompile Include="ProceduralPlaneGenerator.cpp">
      <Filter>Source Files</Filter>
    </ClCompile>
    <ClCompile Include="ProceduralRoundedBoxGenerator.cpp">
      <Filter>Source Files</Filter>
    </ClCompile>
    <ClCompile Include="ProceduralShape.cpp">
      <Filter>Source Files</Filter>
    </ClCompile>
    <ClCompile Include="ProceduralShapeGenerators.cpp">
      <Filter>Source Files</Filter>
    </ClCompile>
    <ClCompile Include="ProceduralSphereGenerator.cpp">
      <Filter>Source Files</Filter>
    </ClCompile>
    <ClCompile Include="ProceduralTorusGenerator.cpp">
      <Filter>Source Files</Filter>
    </ClCompile>
    <ClCompile Include="ProceduralTorusKnotGenerator.cpp">
      <Filter>Source Files</Filter>
    </ClCompile>
    <ClCompile Include="ProceduralTrack.cpp">
      <Filter>Source Files</Filter>
    </ClCompile>
    <ClCompile Include="ProceduralTriangulator.cpp">
      <Filter>Source Files</Filter>
    </ClCompile>
    <ClCompile Include="ProceduralTubeGenerator.cpp">
      <Filter>Source Files</Filter>
    </ClCompile>
    <ClCompile Include="ProceduralUtils.cpp">
      <Filter>Source Files</Filter>
    </ClCompile>
    <ClCompile Include="stdafx.cpp">
      <Filter>Source Files</Filter>
    </ClCompile>
    <ClCompile Include="ProceduralBoolean.cpp">
      <Filter>Source Files</Filter>
    </ClCompile>
    <ClCompile Include="ProceduralDebugRendering.cpp">
      <Filter>Source Files</Filter>
    </ClCompile>
    <ClCompile Include="ProceduralMeshModifiers.cpp">
      <Filter>Source Files</Filter>
    </ClCompile>
    <ClCompile Include="ProceduralMultiShapeGenerators.cpp">
      <Filter>Source Files</Filter>
    </ClCompile>
    <ClCompile Include="ProceduralNoise.cpp">
      <Filter>Source Files</Filter>
    </ClCompile>
    <ClCompile Include="ProceduralSpringGenerator.cpp">
      <Filter>Source Files</Filter>
    </ClCompile>
    <ClCompile Include="ProceduralSVG.cpp">
      <Filter>Source Files</Filter>
    </ClCompile>
    <ClCompile Include="ProceduralTextureBuffer.cpp">
      <Filter>Source Files</Filter>
    </ClCompile>
    <ClCompile Include="ProceduralTextureGenerator.cpp">
      <Filter>Source Files</Filter>
    </ClCompile>
    <ClCompile Include="ProceduralTextureModifiers.cpp">
      <Filter>Source Files</Filter>
    </ClCompile>
    <ClCompile Include="ProceduralTriangleBuffer.cpp">
      <Filter>Source Files</Filter>
    </ClCompile>
  </ItemGroup>
</Project>