
Microsoft Visual Studio Solution File, Format Version 12.00
# Visual Studio 2013
VisualStudioVersion = 12.0.21005.1
MinimumVisualStudioVersion = 10.0.40219.1
Project("{8BC9CEB8-8B4A-11D0-8D11-00A0C91BC942}") = "Main", "main\main.vcxproj", "{B28F4359-027D-4841-AD55-10F8D6BD800B}"
	ProjectSection(ProjectDependencies) = postProject
		{EC74A605-F8CB-48DC-8B0C-CAD1378521CD} = {EC74A605-F8CB-48DC-8B0C-CAD1378521CD}
		{C864C636-82C7-40E7-8B27-D44A44BA4CB3} = {C864C636-82C7-40E7-8B27-D44A44BA4CB3}
		{F6F7523C-933E-4E68-A4CB-D6E39599E63D} = {F6F7523C-933E-4E68-A4CB-D6E39599E63D}
		{B688E051-97E1-4C1F-A283-A21A6C218B4F} = {B688E051-97E1-4C1F-A283-A21A6C218B4F}
		{8EE48852-F39A-49B0-9148-E2BE82AED06E} = {8EE48852-F39A-49B0-9148-E2BE82AED06E}
		{909F2A5F-E0C8-4F87-9BD6-DCA87E9E3BA1} = {909F2A5F-E0C8-4F87-9BD6-DCA87E9E3BA1}
		{88FCF4B9-7968-4532-8228-393610F5938A} = {88FCF4B9-7968-4532-8228-393610F5938A}
		{F720F1BA-79D9-44D1-ADA0-7BAB3CA26A12} = {F720F1BA-79D9-44D1-ADA0-7BAB3CA26A12}
		{C8D6C0C3-6DEF-45DB-B4B6-68D486C2FAC5} = {C8D6C0C3-6DEF-45DB-B4B6-68D486C2FAC5}
		{5E252ED9-8A37-40BC-93A6-582AE443DBFB} = {5E252ED9-8A37-40BC-93A6-582AE443DBFB}
		{EF4CBDEB-D838-4CF2-8178-0104ED8782C3} = {EF4CBDEB-D838-4CF2-8178-0104ED8782C3}
	EndProjectSection
EndProject
Project("{8BC9CEB8-8B4A-11D0-8D11-00A0C91BC942}") = "Levels_TEST", "Level_Test\Level_Test.vcxproj", "{A6118EBE-561E-43A3-8B7E-3B09B56917A8}"
EndProject
Project("{8BC9CEB8-8B4A-11D0-8D11-00A0C91BC942}") = "Levels", "Levels\Levels.vcxproj", "{B688E051-97E1-4C1F-A283-A21A6C218B4F}"
EndProject
Project("{8BC9CEB8-8B4A-11D0-8D11-00A0C91BC942}") = "OgreCore", "OgreCore\ConsoleApplication1.vcxproj", "{5E252ED9-8A37-40BC-93A6-582AE443DBFB}"
EndProject
Project("{8BC9CEB8-8B4A-11D0-8D11-00A0C91BC942}") = "Other", "Other\Other.vcxproj", "{F6F7523C-933E-4E68-A4CB-D6E39599E63D}"
EndProject
Project("{8BC9CEB8-8B4A-11D0-8D11-00A0C91BC942}") = "GameLevels", "GameLevels\GameLevels.vcxproj", "{88FCF4B9-7968-4532-8228-393610F5938A}"
EndProject
Project("{8BC9CEB8-8B4A-11D0-8D11-00A0C91BC942}") = "Camera", "Camera\Camera.vcxproj", "{EF4CBDEB-D838-4CF2-8178-0104ED8782C3}"
EndProject
Project("{8BC9CEB8-8B4A-11D0-8D11-00A0C91BC942}") = "Player", "Player\GameObjects.vcxproj", "{F720F1BA-79D9-44D1-ADA0-7BAB3CA26A12}"
EndProject
Project("{8BC9CEB8-8B4A-11D0-8D11-00A0C91BC942}") = "Enemy", "Enemy\Enemy.vcxproj", "{C864C636-82C7-40E7-8B27-D44A44BA4CB3}"
EndProject
Project("{8BC9CEB8-8B4A-11D0-8D11-00A0C91BC942}") = "PlayerCamera", "PlayerCamera\PlayerCamera.vcxproj", "{909F2A5F-E0C8-4F87-9BD6-DCA87E9E3BA1}"
EndProject
Project("{8BC9CEB8-8B4A-11D0-8D11-00A0C91BC942}") = "UniversalGameObjects", "UniversalGameObjects\UniversalGameObjects.vcxproj", "{EC74A605-F8CB-48DC-8B0C-CAD1378521CD}"
EndProject
Project("{8BC9CEB8-8B4A-11D0-8D11-00A0C91BC942}") = "PlayerGUI", "PlayerGUI\PlayerGUI.vcxproj", "{C8D6C0C3-6DEF-45DB-B4B6-68D486C2FAC5}"
EndProject
Project("{8BC9CEB8-8B4A-11D0-8D11-00A0C91BC942}") = "Shaders", "Shaders\Shaders.vcxproj", "{8EE48852-F39A-49B0-9148-E2BE82AED06E}"
EndProject
Global
	GlobalSection(SolutionConfigurationPlatforms) = preSolution
		Debug|Win32 = Debug|Win32
		Release|Win32 = Release|Win32
	EndGlobalSection
	GlobalSection(ProjectConfigurationPlatforms) = postSolution
		{B28F4359-027D-4841-AD55-10F8D6BD800B}.Debug|Win32.ActiveCfg = Debug|Win32
		{B28F4359-027D-4841-AD55-10F8D6BD800B}.Debug|Win32.Build.0 = Debug|Win32
		{B28F4359-027D-4841-AD55-10F8D6BD800B}.Release|Win32.ActiveCfg = Release|Win32
		{B28F4359-027D-4841-AD55-10F8D6BD800B}.Release|Win32.Build.0 = Release|Win32
		{A6118EBE-561E-43A3-8B7E-3B09B56917A8}.Debug|Win32.ActiveCfg = Debug|Win32
		{A6118EBE-561E-43A3-8B7E-3B09B56917A8}.Debug|Win32.Build.0 = Debug|Win32
		{A6118EBE-561E-43A3-8B7E-3B09B56917A8}.Release|Win32.ActiveCfg = Release|Win32
		{A6118EBE-561E-43A3-8B7E-3B09B56917A8}.Release|Win32.Build.0 = Release|Win32
		{B688E051-97E1-4C1F-A283-A21A6C218B4F}.Debug|Win32.ActiveCfg = Debug|Win32
		{B688E051-97E1-4C1F-A283-A21A6C218B4F}.Debug|Win32.Build.0 = Debug|Win32
		{B688E051-97E1-4C1F-A283-A21A6C218B4F}.Release|Win32.ActiveCfg = Release|Win32
		{B688E051-97E1-4C1F-A283-A21A6C218B4F}.Release|Win32.Build.0 = Release|Win32
		{5E252ED9-8A37-40BC-93A6-582AE443DBFB}.Debug|Win32.ActiveCfg = Debug|Win32
		{5E252ED9-8A37-40BC-93A6-582AE443DBFB}.Debug|Win32.Build.0 = Debug|Win32
		{5E252ED9-8A37-40BC-93A6-582AE443DBFB}.Release|Win32.ActiveCfg = Release|Win32
		{5E252ED9-8A37-40BC-93A6-582AE443DBFB}.Release|Win32.Build.0 = Release|Win32
		{F6F7523C-933E-4E68-A4CB-D6E39599E63D}.Debug|Win32.ActiveCfg = Debug|Win32
		{F6F7523C-933E-4E68-A4CB-D6E39599E63D}.Debug|Win32.Build.0 = Debug|Win32
		{F6F7523C-933E-4E68-A4CB-D6E39599E63D}.Release|Win32.ActiveCfg = Release|Win32
		{F6F7523C-933E-4E68-A4CB-D6E39599E63D}.Release|Win32.Build.0 = Release|Win32
		{88FCF4B9-7968-4532-8228-393610F5938A}.Debug|Win32.ActiveCfg = Debug|Win32
		{88FCF4B9-7968-4532-8228-393610F5938A}.Debug|Win32.Build.0 = Debug|Win32
		{88FCF4B9-7968-4532-8228-393610F5938A}.Release|Win32.ActiveCfg = Release|Win32
		{88FCF4B9-7968-4532-8228-393610F5938A}.Release|Win32.Build.0 = Release|Win32
		{EF4CBDEB-D838-4CF2-8178-0104ED8782C3}.Debug|Win32.ActiveCfg = Debug|Win32
		{EF4CBDEB-D838-4CF2-8178-0104ED8782C3}.Debug|Win32.Build.0 = Debug|Win32
		{EF4CBDEB-D838-4CF2-8178-0104ED8782C3}.Release|Win32.ActiveCfg = Release|Win32
		{EF4CBDEB-D838-4CF2-8178-0104ED8782C3}.Release|Win32.Build.0 = Release|Win32
		{F720F1BA-79D9-44D1-ADA0-7BAB3CA26A12}.Debug|Win32.ActiveCfg = Debug|Win32
		{F720F1BA-79D9-44D1-ADA0-7BAB3CA26A12}.Debug|Win32.Build.0 = Debug|Win32
		{F720F1BA-79D9-44D1-ADA0-7BAB3CA26A12}.Release|Win32.ActiveCfg = Release|Win32
		{F720F1BA-79D9-44D1-ADA0-7BAB3CA26A12}.Release|Win32.Build.0 = Release|Win32
		{C864C636-82C7-40E7-8B27-D44A44BA4CB3}.Debug|Win32.ActiveCfg = Debug|Win32
		{C864C636-82C7-40E7-8B27-D44A44BA4CB3}.Debug|Win32.Build.0 = Debug|Win32
		{C864C636-82C7-40E7-8B27-D44A44BA4CB3}.Release|Win32.ActiveCfg = Release|Win32
		{C864C636-82C7-40E7-8B27-D44A44BA4CB3}.Release|Win32.Build.0 = Release|Win32
		{909F2A5F-E0C8-4F87-9BD6-DCA87E9E3BA1}.Debug|Win32.ActiveCfg = Debug|Win32
		{909F2A5F-E0C8-4F87-9BD6-DCA87E9E3BA1}.Debug|Win32.Build.0 = Debug|Win32
		{909F2A5F-E0C8-4F87-9BD6-DCA87E9E3BA1}.Release|Win32.ActiveCfg = Release|Win32
		{909F2A5F-E0C8-4F87-9BD6-DCA87E9E3BA1}.Release|Win32.Build.0 = Release|Win32
		{EC74A605-F8CB-48DC-8B0C-CAD1378521CD}.Debug|Win32.ActiveCfg = Debug|Win32
		{EC74A605-F8CB-48DC-8B0C-CAD1378521CD}.Debug|Win32.Build.0 = Debug|Win32
		{EC74A605-F8CB-48DC-8B0C-CAD1378521CD}.Release|Win32.ActiveCfg = Release|Win32
		{EC74A605-F8CB-48DC-8B0C-CAD1378521CD}.Release|Win32.Build.0 = Release|Win32
		{C8D6C0C3-6DEF-45DB-B4B6-68D486C2FAC5}.Debug|Win32.ActiveCfg = Debug|Win32
		{C8D6C0C3-6DEF-45DB-B4B6-68D486C2FAC5}.Debug|Win32.Build.0 = Debug|Win32
		{C8D6C0C3-6DEF-45DB-B4B6-68D486C2FAC5}.Release|Win32.ActiveCfg = Release|Win32
		{C8D6C0C3-6DEF-45DB-B4B6-68D486C2FAC5}.Release|Win32.Build.0 = Release|Win32
		{8EE48852-F39A-49B0-9148-E2BE82AED06E}.Debug|Win32.ActiveCfg = Debug|Win32
		{8EE48852-F39A-49B0-9148-E2BE82AED06E}.Debug|Win32.Build.0 = Debug|Win32
		{8EE48852-F39A-49B0-9148-E2BE82AED06E}.Release|Win32.ActiveCfg = Release|Win32
		{8EE48852-F39A-49B0-9148-E2BE82AED06E}.Release|Win32.Build.0 = Release|Win32
	EndGlobalSection
	GlobalSection(SolutionProperties) = preSolution
		HideSolutionNode = FALSE
	EndGlobalSection
	GlobalSection(Performance) = preSolution
		HasPerformanceSessions = true
	EndGlobalSection
EndGlobal
